
Microsoft Visual Studio Solution File, Format Version 12.00
# Visual Studio 2012
Project("{F184B08F-C81C-45F6-A57F-5ABD9991F28F}") = "DH_Helpdesk", "DH_Helpdesk.vbproj", "{300807AD-E3DA-4BF5-93FC-2503D617EDC1}"
EndProject
Global
	GlobalSection(SourceCodeControl) = preSolution
		SccNumberOfProjects = 2
		SccProjectName0 = \u0022$/Datahalland/dhHelpdesk/DH_Helpdesk\u0022,\u0020KRVAAAAA
		SccLocalPath0 = .
		SccProvider0 = MSSCCI:Microsoft\u0020Visual\u0020SourceSafe
		CanCheckoutShared = false
		SccProjectUniqueName1 = DH_Helpdesk.vbproj
		SccLocalPath1 = .
	EndGlobalSection
	GlobalSection(SolutionConfigurationPlatforms) = preSolution
		Debug|Any CPU = Debug|Any CPU
		Release|Any CPU = Release|Any CPU
	EndGlobalSection
	GlobalSection(ProjectConfigurationPlatforms) = postSolution
		{300807AD-E3DA-4BF5-93FC-2503D617EDC1}.Debug|Any CPU.ActiveCfg = Debug|Any CPU
		{300807AD-E3DA-4BF5-93FC-2503D617EDC1}.Debug|Any CPU.Build.0 = Debug|Any CPU
		{300807AD-E3DA-4BF5-93FC-2503D617EDC1}.Release|Any CPU.ActiveCfg = Release|Any CPU
		{300807AD-E3DA-4BF5-93FC-2503D617EDC1}.Release|Any CPU.Build.0 = Release|Any CPU
	EndGlobalSection
	GlobalSection(SolutionProperties) = preSolution
		HideSolutionNode = FALSE
	EndGlobalSection
EndGlobal
