
Microsoft Visual Studio Solution File, Format Version 12.00
# Visual Studio Version 17
VisualStudioVersion = 17.2.32602.215
MinimumVisualStudioVersion = 10.0.40219.1
Project("{FAE04EC0-301F-11D3-BF4B-00C04F79EFBC}") = "DH.Helpdesk.Web", "dhHelpdesk_NG.Web\DH.Helpdesk.Web.csproj", "{FFCFD298-57C0-46A4-8554-CB2163A49B25}"
EndProject
Project("{FAE04EC0-301F-11D3-BF4B-00C04F79EFBC}") = "DH.Helpdesk.Domain", "dhHelpdesk_NG.Domain\DH.Helpdesk.Domain.csproj", "{5BD5F918-3BE4-474D-AC30-9DBD02FC385D}"
EndProject
Project("{FAE04EC0-301F-11D3-BF4B-00C04F79EFBC}") = "DH.Helpdesk.Dal", "dhHelpdesk_NG.Data\DH.Helpdesk.Dal.csproj", "{A8F6B7B8-8055-4BB7-82C4-85004F52E6EF}"
EndProject
Project("{FAE04EC0-301F-11D3-BF4B-00C04F79EFBC}") = "DH.Helpdesk.Services", "dhHelpdesk_NG.Service\DH.Helpdesk.Services.csproj", "{3A5BFA9B-C033-4C1C-81AF-7B4E1BEDCFA3}"
EndProject
Project("{FAE04EC0-301F-11D3-BF4B-00C04F79EFBC}") = "DH.Helpdesk.BusinessData", "dhHelpdesk_NG.DTO\DH.Helpdesk.BusinessData.csproj", "{C4520E52-CB9E-4FD6-BEE9-92AA532685A2}"
EndProject
Project("{FAE04EC0-301F-11D3-BF4B-00C04F79EFBC}") = "DH.Helpdesk.Common", "dhHelpdesk_NG.Common\DH.Helpdesk.Common.csproj", "{90DEFCB6-E297-4F99-A532-DA1E0522AA49}"
EndProject
Project("{2150E333-8FDC-42A3-9474-1A3956D46DE8}") = "CommonAssembly", "CommonAssembly", "{398E5BA2-4379-4071-B6E2-F842E141E8F8}"
	ProjectSection(SolutionItems) = preProject
		CommonAssembly\SharedAssemblyInfo.cs = CommonAssembly\SharedAssemblyInfo.cs
		CommonAssembly\SharedAssemblyInfo.vb = CommonAssembly\SharedAssemblyInfo.vb
	EndProjectSection
EndProject
Project("{FAE04EC0-301F-11D3-BF4B-00C04F79EFBC}") = "DH.Helpdesk.SelfService", "dhHelpdesk_NG.Web_SelfService\DH.Helpdesk.SelfService.csproj", "{9DBE7D20-DEE8-427C-9A68-FC338B1108FC}"
EndProject
Project("{FAE04EC0-301F-11D3-BF4B-00C04F79EFBC}") = "DH.Helpdesk.EmailEngine.WinService", "DH.Helpdesk.EmailEngine.WinService\DH.Helpdesk.EmailEngine.WinService.csproj", "{1DC0070F-C970-47F0-A383-95017CD1B76D}"
EndProject
Project("{FAE04EC0-301F-11D3-BF4B-00C04F79EFBC}") = "DH.Helpdesk.EmailEngine.Library", "DH.Helpdesk.EmailEngine.Library\DH.Helpdesk.EmailEngine.Library.csproj", "{F7A2888F-75A6-4C84-902F-1A201CC56EC9}"
EndProject
Project("{FAE04EC0-301F-11D3-BF4B-00C04F79EFBC}") = "DH.Helpdesk.EmailEngine.Console", "DH.Helpdesk.EmailEngine.Console\DH.Helpdesk.EmailEngine.Console.csproj", "{CE636A55-FC45-4D6A-8A9C-5D2D1BB699EA}"
EndProject
Project("{FAE04EC0-301F-11D3-BF4B-00C04F79EFBC}") = "DH.Helpdesk.TaskScheduler", "DH.Helpdesk.TaskScheduler\DH.Helpdesk.TaskScheduler.csproj", "{F1F92517-4922-42EC-B001-02612A9CD50D}"
EndProject
Project("{F184B08F-C81C-45F6-A57F-5ABD9991F28F}") = "DH.Helpdesk.Mail2Ticket", "DH.Helpdesk.Mail2Ticket\DH.Helpdesk.Mail2Ticket.vbproj", "{2C7C24FC-D3E7-4A07-AF74-2392D5484A0A}"
EndProject
Project("{F184B08F-C81C-45F6-A57F-5ABD9991F28F}") = "DH.Helpdesk.Library", "DH.Helpdesk.Library\DH.Helpdesk.Library.vbproj", "{300807AD-E3DA-4BF5-93FC-2503D617EDC1}"
EndProject
Project("{FAE04EC0-301F-11D3-BF4B-00C04F79EFBC}") = "DH.Helpdesk.TestConsole", "DH.Helpdesk.TestConsole\DH.Helpdesk.TestConsole.csproj", "{F1A69926-A9B2-4FA1-A1F9-1258B650D991}"
EndProject
Project("{FAE04EC0-301F-11D3-BF4B-00C04F79EFBC}") = "DH.Helpdesk.WebApi", "DH.Helpdesk.WebApi\DH.Helpdesk.WebApi.csproj", "{27CF7E8E-7B24-42CC-B344-C0B80EDC4D8E}"
EndProject
Project("{FAE04EC0-301F-11D3-BF4B-00C04F79EFBC}") = "DH.Helpdesk.Web.Common", "DH.Helpdesk.Web.Common\DH.Helpdesk.Web.Common.csproj", "{D268E4E5-CD72-45DC-9DC0-9F0AD89F3F6E}"
EndProject
Project("{FAE04EC0-301F-11D3-BF4B-00C04F79EFBC}") = "DH.Helpdesk.Models", "DH.Helpdesk.Models\DH.Helpdesk.Models.csproj", "{DE589388-2E9B-44C3-BCB7-9D4D051391DE}"
EndProject
Project("{F184B08F-C81C-45F6-A57F-5ABD9991F28F}") = "DH.Helpdesk.Schedule", "DH.Helpdesk.Schedule\DH.Helpdesk.Schedule.vbproj", "{4C86F83D-546F-441A-AC1E-A25E2CCF268F}"
EndProject
Project("{F184B08F-C81C-45F6-A57F-5ABD9991F28F}") = "DH.Helpdesk.LDAP_AD", "DH.Helpdesk.LDAP-AD\DH.Helpdesk.LDAP_AD.vbproj", "{305EAD7F-ADDE-4821-8213-1E273C4E526E}"
EndProject
Project("{FAE04EC0-301F-11D3-BF4B-00C04F79EFBC}") = "DH.Helpdesk.TaskScheduler.Console", "DH.Helpdesk.TaskScheduler.Console\DH.Helpdesk.TaskScheduler.Console.csproj", "{B25DB426-911D-429B-B537-CFA2FD1F5F0F}"
EndProject
Project("{FAE04EC0-301F-11D3-BF4B-00C04F79EFBC}") = "DH.Helpdesk.Upkeeper", "DH.Helpdesk.Upkeeper\DH.Helpdesk.Upkeeper.csproj", "{93DC07BA-205B-4AA3-8C72-C97EF6D7D013}"
EndProject
Project("{FAE04EC0-301F-11D3-BF4B-00C04F79EFBC}") = "DH.Helpdesk.SCCM", "DH.Helpdesk.SCCM\DH.Helpdesk.SCCM.csproj", "{B0D605B8-51C1-48D1-BA96-5853780E4E30}"
EndProject
Project("{9A19103F-16F7-4668-BE54-9A1E7A4F7556}") = "DH.HelpDesk.SpecFlow", "DH.HelpDesk.SpecFlow\DH.HelpDesk.SpecFlow.csproj", "{1D5538A1-6664-4EAF-958A-46CA5C534ABE}"
EndProject
Project("{FAE04EC0-301F-11D3-BF4B-00C04F79EFBC}") = "DH.Helpdesk.LicenseReporter", "DH.Helpdesk.LicenseReporter\DH.Helpdesk.LicenseReporter.csproj", "{B475004F-0992-4D21-A114-586A5D372B1F}"
EndProject
Project("{F184B08F-C81C-45F6-A57F-5ABD9991F28F}") = "DH.Helpdesk.Mail2TicketCSharpBridge_Client", "DH.Helpdesk.Mail2TicketCSharpBridge_Client\DH.Helpdesk.Mail2TicketCSharpBridge_Client.vbproj", "{857FDDE9-09F2-49BD-BCED-2A26005AE472}"
EndProject
Project("{FAE04EC0-301F-11D3-BF4B-00C04F79EFBC}") = "DH.Helpdesk.VBCSharpBridge", "DH.Helpdesk.VBCSharpBridge\DH.Helpdesk.VBCSharpBridge.csproj", "{468E0378-C78B-4DA0-899C-81FAB600E45E}"
EndProject
Global
	GlobalSection(SolutionConfigurationPlatforms) = preSolution
		Debug|Any CPU = Debug|Any CPU
		Debug|Mixed Platforms = Debug|Mixed Platforms
		Debug|x86 = Debug|x86
		DhDev|Any CPU = DhDev|Any CPU
		DhDev|Mixed Platforms = DhDev|Mixed Platforms
		DhDev|x86 = DhDev|x86
		Release|Any CPU = Release|Any CPU
		Release|Mixed Platforms = Release|Mixed Platforms
		Release|x86 = Release|x86
		Template_Debug|Any CPU = Template_Debug|Any CPU
		Template_Debug|Mixed Platforms = Template_Debug|Mixed Platforms
		Template_Debug|x86 = Template_Debug|x86
	EndGlobalSection
	GlobalSection(ProjectConfigurationPlatforms) = postSolution
		{FFCFD298-57C0-46A4-8554-CB2163A49B25}.Debug|Any CPU.ActiveCfg = Debug|Any CPU
		{FFCFD298-57C0-46A4-8554-CB2163A49B25}.Debug|Any CPU.Build.0 = Debug|Any CPU
		{FFCFD298-57C0-46A4-8554-CB2163A49B25}.Debug|Mixed Platforms.ActiveCfg = Debug|Any CPU
		{FFCFD298-57C0-46A4-8554-CB2163A49B25}.Debug|Mixed Platforms.Build.0 = Debug|Any CPU
		{FFCFD298-57C0-46A4-8554-CB2163A49B25}.Debug|x86.ActiveCfg = Debug|Any CPU
		{FFCFD298-57C0-46A4-8554-CB2163A49B25}.DhDev|Any CPU.ActiveCfg = DhDev|Any CPU
		{FFCFD298-57C0-46A4-8554-CB2163A49B25}.DhDev|Any CPU.Build.0 = DhDev|Any CPU
		{FFCFD298-57C0-46A4-8554-CB2163A49B25}.DhDev|Mixed Platforms.ActiveCfg = DhDev|Any CPU
		{FFCFD298-57C0-46A4-8554-CB2163A49B25}.DhDev|Mixed Platforms.Build.0 = DhDev|Any CPU
		{FFCFD298-57C0-46A4-8554-CB2163A49B25}.DhDev|x86.ActiveCfg = DhDev|Any CPU
		{FFCFD298-57C0-46A4-8554-CB2163A49B25}.DhDev|x86.Build.0 = DhDev|Any CPU
		{FFCFD298-57C0-46A4-8554-CB2163A49B25}.Release|Any CPU.ActiveCfg = Release|Any CPU
		{FFCFD298-57C0-46A4-8554-CB2163A49B25}.Release|Any CPU.Build.0 = Release|Any CPU
		{FFCFD298-57C0-46A4-8554-CB2163A49B25}.Release|Mixed Platforms.ActiveCfg = Release|Any CPU
		{FFCFD298-57C0-46A4-8554-CB2163A49B25}.Release|Mixed Platforms.Build.0 = Release|Any CPU
		{FFCFD298-57C0-46A4-8554-CB2163A49B25}.Release|x86.ActiveCfg = Release|Any CPU
		{FFCFD298-57C0-46A4-8554-CB2163A49B25}.Template_Debug|Any CPU.ActiveCfg = Debug|Any CPU
		{FFCFD298-57C0-46A4-8554-CB2163A49B25}.Template_Debug|Any CPU.Build.0 = Debug|Any CPU
		{FFCFD298-57C0-46A4-8554-CB2163A49B25}.Template_Debug|Mixed Platforms.ActiveCfg = Debug|Any CPU
		{FFCFD298-57C0-46A4-8554-CB2163A49B25}.Template_Debug|Mixed Platforms.Build.0 = Debug|Any CPU
		{FFCFD298-57C0-46A4-8554-CB2163A49B25}.Template_Debug|x86.ActiveCfg = Debug|Any CPU
		{5BD5F918-3BE4-474D-AC30-9DBD02FC385D}.Debug|Any CPU.ActiveCfg = Debug|Any CPU
		{5BD5F918-3BE4-474D-AC30-9DBD02FC385D}.Debug|Any CPU.Build.0 = Debug|Any CPU
		{5BD5F918-3BE4-474D-AC30-9DBD02FC385D}.Debug|Mixed Platforms.ActiveCfg = Debug|Any CPU
		{5BD5F918-3BE4-474D-AC30-9DBD02FC385D}.Debug|Mixed Platforms.Build.0 = Debug|Any CPU
		{5BD5F918-3BE4-474D-AC30-9DBD02FC385D}.Debug|x86.ActiveCfg = Debug|Any CPU
		{5BD5F918-3BE4-474D-AC30-9DBD02FC385D}.DhDev|Any CPU.ActiveCfg = DhDev|Any CPU
		{5BD5F918-3BE4-474D-AC30-9DBD02FC385D}.DhDev|Any CPU.Build.0 = DhDev|Any CPU
		{5BD5F918-3BE4-474D-AC30-9DBD02FC385D}.DhDev|Mixed Platforms.ActiveCfg = DhDev|Any CPU
		{5BD5F918-3BE4-474D-AC30-9DBD02FC385D}.DhDev|Mixed Platforms.Build.0 = DhDev|Any CPU
		{5BD5F918-3BE4-474D-AC30-9DBD02FC385D}.DhDev|x86.ActiveCfg = DhDev|Any CPU
		{5BD5F918-3BE4-474D-AC30-9DBD02FC385D}.DhDev|x86.Build.0 = DhDev|Any CPU
		{5BD5F918-3BE4-474D-AC30-9DBD02FC385D}.Release|Any CPU.ActiveCfg = Release|Any CPU
		{5BD5F918-3BE4-474D-AC30-9DBD02FC385D}.Release|Any CPU.Build.0 = Release|Any CPU
		{5BD5F918-3BE4-474D-AC30-9DBD02FC385D}.Release|Mixed Platforms.ActiveCfg = Release|Any CPU
		{5BD5F918-3BE4-474D-AC30-9DBD02FC385D}.Release|Mixed Platforms.Build.0 = Release|Any CPU
		{5BD5F918-3BE4-474D-AC30-9DBD02FC385D}.Release|x86.ActiveCfg = Release|Any CPU
		{5BD5F918-3BE4-474D-AC30-9DBD02FC385D}.Template_Debug|Any CPU.ActiveCfg = Debug|Any CPU
		{5BD5F918-3BE4-474D-AC30-9DBD02FC385D}.Template_Debug|Any CPU.Build.0 = Debug|Any CPU
		{5BD5F918-3BE4-474D-AC30-9DBD02FC385D}.Template_Debug|Mixed Platforms.ActiveCfg = Debug|Any CPU
		{5BD5F918-3BE4-474D-AC30-9DBD02FC385D}.Template_Debug|Mixed Platforms.Build.0 = Debug|Any CPU
		{5BD5F918-3BE4-474D-AC30-9DBD02FC385D}.Template_Debug|x86.ActiveCfg = Debug|Any CPU
		{A8F6B7B8-8055-4BB7-82C4-85004F52E6EF}.Debug|Any CPU.ActiveCfg = Debug|Any CPU
		{A8F6B7B8-8055-4BB7-82C4-85004F52E6EF}.Debug|Any CPU.Build.0 = Debug|Any CPU
		{A8F6B7B8-8055-4BB7-82C4-85004F52E6EF}.Debug|Mixed Platforms.ActiveCfg = Debug|Any CPU
		{A8F6B7B8-8055-4BB7-82C4-85004F52E6EF}.Debug|Mixed Platforms.Build.0 = Debug|Any CPU
		{A8F6B7B8-8055-4BB7-82C4-85004F52E6EF}.Debug|x86.ActiveCfg = Debug|Any CPU
		{A8F6B7B8-8055-4BB7-82C4-85004F52E6EF}.DhDev|Any CPU.ActiveCfg = DhDev|Any CPU
		{A8F6B7B8-8055-4BB7-82C4-85004F52E6EF}.DhDev|Any CPU.Build.0 = DhDev|Any CPU
		{A8F6B7B8-8055-4BB7-82C4-85004F52E6EF}.DhDev|Mixed Platforms.ActiveCfg = DhDev|Any CPU
		{A8F6B7B8-8055-4BB7-82C4-85004F52E6EF}.DhDev|Mixed Platforms.Build.0 = DhDev|Any CPU
		{A8F6B7B8-8055-4BB7-82C4-85004F52E6EF}.DhDev|x86.ActiveCfg = DhDev|Any CPU
		{A8F6B7B8-8055-4BB7-82C4-85004F52E6EF}.DhDev|x86.Build.0 = DhDev|Any CPU
		{A8F6B7B8-8055-4BB7-82C4-85004F52E6EF}.Release|Any CPU.ActiveCfg = Release|Any CPU
		{A8F6B7B8-8055-4BB7-82C4-85004F52E6EF}.Release|Any CPU.Build.0 = Release|Any CPU
		{A8F6B7B8-8055-4BB7-82C4-85004F52E6EF}.Release|Mixed Platforms.ActiveCfg = Release|Any CPU
		{A8F6B7B8-8055-4BB7-82C4-85004F52E6EF}.Release|Mixed Platforms.Build.0 = Release|Any CPU
		{A8F6B7B8-8055-4BB7-82C4-85004F52E6EF}.Release|x86.ActiveCfg = Release|Any CPU
		{A8F6B7B8-8055-4BB7-82C4-85004F52E6EF}.Template_Debug|Any CPU.ActiveCfg = Debug|Any CPU
		{A8F6B7B8-8055-4BB7-82C4-85004F52E6EF}.Template_Debug|Any CPU.Build.0 = Debug|Any CPU
		{A8F6B7B8-8055-4BB7-82C4-85004F52E6EF}.Template_Debug|Mixed Platforms.ActiveCfg = Debug|Any CPU
		{A8F6B7B8-8055-4BB7-82C4-85004F52E6EF}.Template_Debug|Mixed Platforms.Build.0 = Debug|Any CPU
		{A8F6B7B8-8055-4BB7-82C4-85004F52E6EF}.Template_Debug|x86.ActiveCfg = Debug|Any CPU
		{3A5BFA9B-C033-4C1C-81AF-7B4E1BEDCFA3}.Debug|Any CPU.ActiveCfg = Debug|Any CPU
		{3A5BFA9B-C033-4C1C-81AF-7B4E1BEDCFA3}.Debug|Any CPU.Build.0 = Debug|Any CPU
		{3A5BFA9B-C033-4C1C-81AF-7B4E1BEDCFA3}.Debug|Mixed Platforms.ActiveCfg = Debug|Any CPU
		{3A5BFA9B-C033-4C1C-81AF-7B4E1BEDCFA3}.Debug|Mixed Platforms.Build.0 = Debug|Any CPU
		{3A5BFA9B-C033-4C1C-81AF-7B4E1BEDCFA3}.Debug|x86.ActiveCfg = Debug|Any CPU
		{3A5BFA9B-C033-4C1C-81AF-7B4E1BEDCFA3}.DhDev|Any CPU.ActiveCfg = DhDev|Any CPU
		{3A5BFA9B-C033-4C1C-81AF-7B4E1BEDCFA3}.DhDev|Any CPU.Build.0 = DhDev|Any CPU
		{3A5BFA9B-C033-4C1C-81AF-7B4E1BEDCFA3}.DhDev|Mixed Platforms.ActiveCfg = DhDev|Any CPU
		{3A5BFA9B-C033-4C1C-81AF-7B4E1BEDCFA3}.DhDev|Mixed Platforms.Build.0 = DhDev|Any CPU
		{3A5BFA9B-C033-4C1C-81AF-7B4E1BEDCFA3}.DhDev|x86.ActiveCfg = DhDev|Any CPU
		{3A5BFA9B-C033-4C1C-81AF-7B4E1BEDCFA3}.DhDev|x86.Build.0 = DhDev|Any CPU
		{3A5BFA9B-C033-4C1C-81AF-7B4E1BEDCFA3}.Release|Any CPU.ActiveCfg = Release|Any CPU
		{3A5BFA9B-C033-4C1C-81AF-7B4E1BEDCFA3}.Release|Any CPU.Build.0 = Release|Any CPU
		{3A5BFA9B-C033-4C1C-81AF-7B4E1BEDCFA3}.Release|Mixed Platforms.ActiveCfg = Release|Any CPU
		{3A5BFA9B-C033-4C1C-81AF-7B4E1BEDCFA3}.Release|Mixed Platforms.Build.0 = Release|Any CPU
		{3A5BFA9B-C033-4C1C-81AF-7B4E1BEDCFA3}.Release|x86.ActiveCfg = Release|Any CPU
		{3A5BFA9B-C033-4C1C-81AF-7B4E1BEDCFA3}.Template_Debug|Any CPU.ActiveCfg = Debug|Any CPU
		{3A5BFA9B-C033-4C1C-81AF-7B4E1BEDCFA3}.Template_Debug|Any CPU.Build.0 = Debug|Any CPU
		{3A5BFA9B-C033-4C1C-81AF-7B4E1BEDCFA3}.Template_Debug|Mixed Platforms.ActiveCfg = Debug|Any CPU
		{3A5BFA9B-C033-4C1C-81AF-7B4E1BEDCFA3}.Template_Debug|Mixed Platforms.Build.0 = Debug|Any CPU
		{3A5BFA9B-C033-4C1C-81AF-7B4E1BEDCFA3}.Template_Debug|x86.ActiveCfg = Debug|Any CPU
		{C4520E52-CB9E-4FD6-BEE9-92AA532685A2}.Debug|Any CPU.ActiveCfg = Debug|Any CPU
		{C4520E52-CB9E-4FD6-BEE9-92AA532685A2}.Debug|Any CPU.Build.0 = Debug|Any CPU
		{C4520E52-CB9E-4FD6-BEE9-92AA532685A2}.Debug|Mixed Platforms.ActiveCfg = Debug|Any CPU
		{C4520E52-CB9E-4FD6-BEE9-92AA532685A2}.Debug|Mixed Platforms.Build.0 = Debug|Any CPU
		{C4520E52-CB9E-4FD6-BEE9-92AA532685A2}.Debug|x86.ActiveCfg = Debug|Any CPU
		{C4520E52-CB9E-4FD6-BEE9-92AA532685A2}.DhDev|Any CPU.ActiveCfg = DhDev|Any CPU
		{C4520E52-CB9E-4FD6-BEE9-92AA532685A2}.DhDev|Any CPU.Build.0 = DhDev|Any CPU
		{C4520E52-CB9E-4FD6-BEE9-92AA532685A2}.DhDev|Mixed Platforms.ActiveCfg = DhDev|Any CPU
		{C4520E52-CB9E-4FD6-BEE9-92AA532685A2}.DhDev|Mixed Platforms.Build.0 = DhDev|Any CPU
		{C4520E52-CB9E-4FD6-BEE9-92AA532685A2}.DhDev|x86.ActiveCfg = DhDev|Any CPU
		{C4520E52-CB9E-4FD6-BEE9-92AA532685A2}.DhDev|x86.Build.0 = DhDev|Any CPU
		{C4520E52-CB9E-4FD6-BEE9-92AA532685A2}.Release|Any CPU.ActiveCfg = Release|Any CPU
		{C4520E52-CB9E-4FD6-BEE9-92AA532685A2}.Release|Any CPU.Build.0 = Release|Any CPU
		{C4520E52-CB9E-4FD6-BEE9-92AA532685A2}.Release|Mixed Platforms.ActiveCfg = Release|Any CPU
		{C4520E52-CB9E-4FD6-BEE9-92AA532685A2}.Release|Mixed Platforms.Build.0 = Release|Any CPU
		{C4520E52-CB9E-4FD6-BEE9-92AA532685A2}.Release|x86.ActiveCfg = Release|Any CPU
		{C4520E52-CB9E-4FD6-BEE9-92AA532685A2}.Template_Debug|Any CPU.ActiveCfg = Debug|Any CPU
		{C4520E52-CB9E-4FD6-BEE9-92AA532685A2}.Template_Debug|Any CPU.Build.0 = Debug|Any CPU
		{C4520E52-CB9E-4FD6-BEE9-92AA532685A2}.Template_Debug|Mixed Platforms.ActiveCfg = Debug|Any CPU
		{C4520E52-CB9E-4FD6-BEE9-92AA532685A2}.Template_Debug|Mixed Platforms.Build.0 = Debug|Any CPU
		{C4520E52-CB9E-4FD6-BEE9-92AA532685A2}.Template_Debug|x86.ActiveCfg = Debug|Any CPU
		{90DEFCB6-E297-4F99-A532-DA1E0522AA49}.Debug|Any CPU.ActiveCfg = Debug|Any CPU
		{90DEFCB6-E297-4F99-A532-DA1E0522AA49}.Debug|Any CPU.Build.0 = Debug|Any CPU
		{90DEFCB6-E297-4F99-A532-DA1E0522AA49}.Debug|Mixed Platforms.ActiveCfg = Debug|Any CPU
		{90DEFCB6-E297-4F99-A532-DA1E0522AA49}.Debug|Mixed Platforms.Build.0 = Debug|Any CPU
		{90DEFCB6-E297-4F99-A532-DA1E0522AA49}.Debug|x86.ActiveCfg = Debug|Any CPU
		{90DEFCB6-E297-4F99-A532-DA1E0522AA49}.DhDev|Any CPU.ActiveCfg = DhDev|Any CPU
		{90DEFCB6-E297-4F99-A532-DA1E0522AA49}.DhDev|Any CPU.Build.0 = DhDev|Any CPU
		{90DEFCB6-E297-4F99-A532-DA1E0522AA49}.DhDev|Mixed Platforms.ActiveCfg = DhDev|Any CPU
		{90DEFCB6-E297-4F99-A532-DA1E0522AA49}.DhDev|Mixed Platforms.Build.0 = DhDev|Any CPU
		{90DEFCB6-E297-4F99-A532-DA1E0522AA49}.DhDev|x86.ActiveCfg = DhDev|Any CPU
		{90DEFCB6-E297-4F99-A532-DA1E0522AA49}.DhDev|x86.Build.0 = DhDev|Any CPU
		{90DEFCB6-E297-4F99-A532-DA1E0522AA49}.Release|Any CPU.ActiveCfg = Release|Any CPU
		{90DEFCB6-E297-4F99-A532-DA1E0522AA49}.Release|Any CPU.Build.0 = Release|Any CPU
		{90DEFCB6-E297-4F99-A532-DA1E0522AA49}.Release|Mixed Platforms.ActiveCfg = Release|Any CPU
		{90DEFCB6-E297-4F99-A532-DA1E0522AA49}.Release|Mixed Platforms.Build.0 = Release|Any CPU
		{90DEFCB6-E297-4F99-A532-DA1E0522AA49}.Release|x86.ActiveCfg = Release|Any CPU
		{90DEFCB6-E297-4F99-A532-DA1E0522AA49}.Template_Debug|Any CPU.ActiveCfg = Debug|Any CPU
		{90DEFCB6-E297-4F99-A532-DA1E0522AA49}.Template_Debug|Any CPU.Build.0 = Debug|Any CPU
		{90DEFCB6-E297-4F99-A532-DA1E0522AA49}.Template_Debug|Mixed Platforms.ActiveCfg = Debug|Any CPU
		{90DEFCB6-E297-4F99-A532-DA1E0522AA49}.Template_Debug|Mixed Platforms.Build.0 = Debug|Any CPU
		{90DEFCB6-E297-4F99-A532-DA1E0522AA49}.Template_Debug|x86.ActiveCfg = Debug|Any CPU
		{9DBE7D20-DEE8-427C-9A68-FC338B1108FC}.Debug|Any CPU.ActiveCfg = Debug|Any CPU
		{9DBE7D20-DEE8-427C-9A68-FC338B1108FC}.Debug|Any CPU.Build.0 = Debug|Any CPU
		{9DBE7D20-DEE8-427C-9A68-FC338B1108FC}.Debug|Mixed Platforms.ActiveCfg = Debug|Any CPU
		{9DBE7D20-DEE8-427C-9A68-FC338B1108FC}.Debug|Mixed Platforms.Build.0 = Debug|Any CPU
		{9DBE7D20-DEE8-427C-9A68-FC338B1108FC}.Debug|x86.ActiveCfg = Debug|Any CPU
		{9DBE7D20-DEE8-427C-9A68-FC338B1108FC}.DhDev|Any CPU.ActiveCfg = DhDev|Any CPU
		{9DBE7D20-DEE8-427C-9A68-FC338B1108FC}.DhDev|Any CPU.Build.0 = DhDev|Any CPU
		{9DBE7D20-DEE8-427C-9A68-FC338B1108FC}.DhDev|Mixed Platforms.ActiveCfg = DhDev|Any CPU
		{9DBE7D20-DEE8-427C-9A68-FC338B1108FC}.DhDev|Mixed Platforms.Build.0 = DhDev|Any CPU
		{9DBE7D20-DEE8-427C-9A68-FC338B1108FC}.DhDev|x86.ActiveCfg = DhDev|Any CPU
		{9DBE7D20-DEE8-427C-9A68-FC338B1108FC}.DhDev|x86.Build.0 = DhDev|Any CPU
		{9DBE7D20-DEE8-427C-9A68-FC338B1108FC}.Release|Any CPU.ActiveCfg = Release|Any CPU
		{9DBE7D20-DEE8-427C-9A68-FC338B1108FC}.Release|Any CPU.Build.0 = Release|Any CPU
		{9DBE7D20-DEE8-427C-9A68-FC338B1108FC}.Release|Mixed Platforms.ActiveCfg = Release|Any CPU
		{9DBE7D20-DEE8-427C-9A68-FC338B1108FC}.Release|Mixed Platforms.Build.0 = Release|Any CPU
		{9DBE7D20-DEE8-427C-9A68-FC338B1108FC}.Release|x86.ActiveCfg = Release|Any CPU
		{9DBE7D20-DEE8-427C-9A68-FC338B1108FC}.Template_Debug|Any CPU.ActiveCfg = Debug|Any CPU
		{9DBE7D20-DEE8-427C-9A68-FC338B1108FC}.Template_Debug|Any CPU.Build.0 = Debug|Any CPU
		{9DBE7D20-DEE8-427C-9A68-FC338B1108FC}.Template_Debug|Mixed Platforms.ActiveCfg = Debug|Any CPU
		{9DBE7D20-DEE8-427C-9A68-FC338B1108FC}.Template_Debug|Mixed Platforms.Build.0 = Debug|Any CPU
		{9DBE7D20-DEE8-427C-9A68-FC338B1108FC}.Template_Debug|x86.ActiveCfg = Debug|Any CPU
		{1DC0070F-C970-47F0-A383-95017CD1B76D}.Debug|Any CPU.ActiveCfg = Debug|Any CPU
		{1DC0070F-C970-47F0-A383-95017CD1B76D}.Debug|Any CPU.Build.0 = Debug|Any CPU
		{1DC0070F-C970-47F0-A383-95017CD1B76D}.Debug|Mixed Platforms.ActiveCfg = Debug|Any CPU
		{1DC0070F-C970-47F0-A383-95017CD1B76D}.Debug|Mixed Platforms.Build.0 = Debug|Any CPU
		{1DC0070F-C970-47F0-A383-95017CD1B76D}.Debug|x86.ActiveCfg = Debug|Any CPU
		{1DC0070F-C970-47F0-A383-95017CD1B76D}.Debug|x86.Build.0 = Debug|Any CPU
		{1DC0070F-C970-47F0-A383-95017CD1B76D}.DhDev|Any CPU.ActiveCfg = DhDev|Any CPU
		{1DC0070F-C970-47F0-A383-95017CD1B76D}.DhDev|Any CPU.Build.0 = DhDev|Any CPU
		{1DC0070F-C970-47F0-A383-95017CD1B76D}.DhDev|Mixed Platforms.ActiveCfg = DhDev|Any CPU
		{1DC0070F-C970-47F0-A383-95017CD1B76D}.DhDev|Mixed Platforms.Build.0 = DhDev|Any CPU
		{1DC0070F-C970-47F0-A383-95017CD1B76D}.DhDev|x86.ActiveCfg = DhDev|Any CPU
		{1DC0070F-C970-47F0-A383-95017CD1B76D}.DhDev|x86.Build.0 = DhDev|Any CPU
		{1DC0070F-C970-47F0-A383-95017CD1B76D}.Release|Any CPU.ActiveCfg = Release|Any CPU
		{1DC0070F-C970-47F0-A383-95017CD1B76D}.Release|Any CPU.Build.0 = Release|Any CPU
		{1DC0070F-C970-47F0-A383-95017CD1B76D}.Release|Mixed Platforms.ActiveCfg = Release|Any CPU
		{1DC0070F-C970-47F0-A383-95017CD1B76D}.Release|Mixed Platforms.Build.0 = Release|Any CPU
		{1DC0070F-C970-47F0-A383-95017CD1B76D}.Release|x86.ActiveCfg = Release|Any CPU
		{1DC0070F-C970-47F0-A383-95017CD1B76D}.Release|x86.Build.0 = Release|Any CPU
		{1DC0070F-C970-47F0-A383-95017CD1B76D}.Template_Debug|Any CPU.ActiveCfg = Debug|Any CPU
		{1DC0070F-C970-47F0-A383-95017CD1B76D}.Template_Debug|Any CPU.Build.0 = Debug|Any CPU
		{1DC0070F-C970-47F0-A383-95017CD1B76D}.Template_Debug|Mixed Platforms.ActiveCfg = Debug|Any CPU
		{1DC0070F-C970-47F0-A383-95017CD1B76D}.Template_Debug|Mixed Platforms.Build.0 = Debug|Any CPU
		{1DC0070F-C970-47F0-A383-95017CD1B76D}.Template_Debug|x86.ActiveCfg = Debug|Any CPU
		{1DC0070F-C970-47F0-A383-95017CD1B76D}.Template_Debug|x86.Build.0 = Debug|Any CPU
		{F7A2888F-75A6-4C84-902F-1A201CC56EC9}.Debug|Any CPU.ActiveCfg = Debug|Any CPU
		{F7A2888F-75A6-4C84-902F-1A201CC56EC9}.Debug|Any CPU.Build.0 = Debug|Any CPU
		{F7A2888F-75A6-4C84-902F-1A201CC56EC9}.Debug|Mixed Platforms.ActiveCfg = Debug|Any CPU
		{F7A2888F-75A6-4C84-902F-1A201CC56EC9}.Debug|Mixed Platforms.Build.0 = Debug|Any CPU
		{F7A2888F-75A6-4C84-902F-1A201CC56EC9}.Debug|x86.ActiveCfg = Debug|Any CPU
		{F7A2888F-75A6-4C84-902F-1A201CC56EC9}.Debug|x86.Build.0 = Debug|Any CPU
		{F7A2888F-75A6-4C84-902F-1A201CC56EC9}.DhDev|Any CPU.ActiveCfg = DhDev|Any CPU
		{F7A2888F-75A6-4C84-902F-1A201CC56EC9}.DhDev|Any CPU.Build.0 = DhDev|Any CPU
		{F7A2888F-75A6-4C84-902F-1A201CC56EC9}.DhDev|Mixed Platforms.ActiveCfg = DhDev|Any CPU
		{F7A2888F-75A6-4C84-902F-1A201CC56EC9}.DhDev|Mixed Platforms.Build.0 = DhDev|Any CPU
		{F7A2888F-75A6-4C84-902F-1A201CC56EC9}.DhDev|x86.ActiveCfg = DhDev|Any CPU
		{F7A2888F-75A6-4C84-902F-1A201CC56EC9}.DhDev|x86.Build.0 = DhDev|Any CPU
		{F7A2888F-75A6-4C84-902F-1A201CC56EC9}.Release|Any CPU.ActiveCfg = Release|Any CPU
		{F7A2888F-75A6-4C84-902F-1A201CC56EC9}.Release|Any CPU.Build.0 = Release|Any CPU
		{F7A2888F-75A6-4C84-902F-1A201CC56EC9}.Release|Mixed Platforms.ActiveCfg = Release|Any CPU
		{F7A2888F-75A6-4C84-902F-1A201CC56EC9}.Release|Mixed Platforms.Build.0 = Release|Any CPU
		{F7A2888F-75A6-4C84-902F-1A201CC56EC9}.Release|x86.ActiveCfg = Release|Any CPU
		{F7A2888F-75A6-4C84-902F-1A201CC56EC9}.Release|x86.Build.0 = Release|Any CPU
		{F7A2888F-75A6-4C84-902F-1A201CC56EC9}.Template_Debug|Any CPU.ActiveCfg = Debug|Any CPU
		{F7A2888F-75A6-4C84-902F-1A201CC56EC9}.Template_Debug|Any CPU.Build.0 = Debug|Any CPU
		{F7A2888F-75A6-4C84-902F-1A201CC56EC9}.Template_Debug|Mixed Platforms.ActiveCfg = Debug|Any CPU
		{F7A2888F-75A6-4C84-902F-1A201CC56EC9}.Template_Debug|Mixed Platforms.Build.0 = Debug|Any CPU
		{F7A2888F-75A6-4C84-902F-1A201CC56EC9}.Template_Debug|x86.ActiveCfg = Debug|Any CPU
		{F7A2888F-75A6-4C84-902F-1A201CC56EC9}.Template_Debug|x86.Build.0 = Debug|Any CPU
		{CE636A55-FC45-4D6A-8A9C-5D2D1BB699EA}.Debug|Any CPU.ActiveCfg = Debug|Any CPU
		{CE636A55-FC45-4D6A-8A9C-5D2D1BB699EA}.Debug|Any CPU.Build.0 = Debug|Any CPU
		{CE636A55-FC45-4D6A-8A9C-5D2D1BB699EA}.Debug|Mixed Platforms.ActiveCfg = Debug|Any CPU
		{CE636A55-FC45-4D6A-8A9C-5D2D1BB699EA}.Debug|Mixed Platforms.Build.0 = Debug|Any CPU
		{CE636A55-FC45-4D6A-8A9C-5D2D1BB699EA}.Debug|x86.ActiveCfg = Debug|Any CPU
		{CE636A55-FC45-4D6A-8A9C-5D2D1BB699EA}.Debug|x86.Build.0 = Debug|Any CPU
		{CE636A55-FC45-4D6A-8A9C-5D2D1BB699EA}.DhDev|Any CPU.ActiveCfg = DhDev|Any CPU
		{CE636A55-FC45-4D6A-8A9C-5D2D1BB699EA}.DhDev|Any CPU.Build.0 = DhDev|Any CPU
		{CE636A55-FC45-4D6A-8A9C-5D2D1BB699EA}.DhDev|Mixed Platforms.ActiveCfg = DhDev|Any CPU
		{CE636A55-FC45-4D6A-8A9C-5D2D1BB699EA}.DhDev|Mixed Platforms.Build.0 = DhDev|Any CPU
		{CE636A55-FC45-4D6A-8A9C-5D2D1BB699EA}.DhDev|x86.ActiveCfg = DhDev|Any CPU
		{CE636A55-FC45-4D6A-8A9C-5D2D1BB699EA}.DhDev|x86.Build.0 = DhDev|Any CPU
		{CE636A55-FC45-4D6A-8A9C-5D2D1BB699EA}.Release|Any CPU.ActiveCfg = Release|Any CPU
		{CE636A55-FC45-4D6A-8A9C-5D2D1BB699EA}.Release|Any CPU.Build.0 = Release|Any CPU
		{CE636A55-FC45-4D6A-8A9C-5D2D1BB699EA}.Release|Mixed Platforms.ActiveCfg = Release|Any CPU
		{CE636A55-FC45-4D6A-8A9C-5D2D1BB699EA}.Release|Mixed Platforms.Build.0 = Release|Any CPU
		{CE636A55-FC45-4D6A-8A9C-5D2D1BB699EA}.Release|x86.ActiveCfg = Release|Any CPU
		{CE636A55-FC45-4D6A-8A9C-5D2D1BB699EA}.Release|x86.Build.0 = Release|Any CPU
		{CE636A55-FC45-4D6A-8A9C-5D2D1BB699EA}.Template_Debug|Any CPU.ActiveCfg = Debug|Any CPU
		{CE636A55-FC45-4D6A-8A9C-5D2D1BB699EA}.Template_Debug|Any CPU.Build.0 = Debug|Any CPU
		{CE636A55-FC45-4D6A-8A9C-5D2D1BB699EA}.Template_Debug|Mixed Platforms.ActiveCfg = Debug|Any CPU
		{CE636A55-FC45-4D6A-8A9C-5D2D1BB699EA}.Template_Debug|Mixed Platforms.Build.0 = Debug|Any CPU
		{CE636A55-FC45-4D6A-8A9C-5D2D1BB699EA}.Template_Debug|x86.ActiveCfg = Debug|Any CPU
		{CE636A55-FC45-4D6A-8A9C-5D2D1BB699EA}.Template_Debug|x86.Build.0 = Debug|Any CPU
		{F1F92517-4922-42EC-B001-02612A9CD50D}.Debug|Any CPU.ActiveCfg = Debug|Any CPU
		{F1F92517-4922-42EC-B001-02612A9CD50D}.Debug|Any CPU.Build.0 = Debug|Any CPU
		{F1F92517-4922-42EC-B001-02612A9CD50D}.Debug|Mixed Platforms.ActiveCfg = Debug|Any CPU
		{F1F92517-4922-42EC-B001-02612A9CD50D}.Debug|Mixed Platforms.Build.0 = Debug|Any CPU
		{F1F92517-4922-42EC-B001-02612A9CD50D}.Debug|x86.ActiveCfg = Debug|Any CPU
		{F1F92517-4922-42EC-B001-02612A9CD50D}.Debug|x86.Build.0 = Debug|Any CPU
		{F1F92517-4922-42EC-B001-02612A9CD50D}.DhDev|Any CPU.ActiveCfg = DhDev|Any CPU
		{F1F92517-4922-42EC-B001-02612A9CD50D}.DhDev|Any CPU.Build.0 = DhDev|Any CPU
		{F1F92517-4922-42EC-B001-02612A9CD50D}.DhDev|Mixed Platforms.ActiveCfg = DhDev|Any CPU
		{F1F92517-4922-42EC-B001-02612A9CD50D}.DhDev|Mixed Platforms.Build.0 = DhDev|Any CPU
		{F1F92517-4922-42EC-B001-02612A9CD50D}.DhDev|x86.ActiveCfg = DhDev|Any CPU
		{F1F92517-4922-42EC-B001-02612A9CD50D}.DhDev|x86.Build.0 = DhDev|Any CPU
		{F1F92517-4922-42EC-B001-02612A9CD50D}.Release|Any CPU.ActiveCfg = Release|Any CPU
		{F1F92517-4922-42EC-B001-02612A9CD50D}.Release|Any CPU.Build.0 = Release|Any CPU
		{F1F92517-4922-42EC-B001-02612A9CD50D}.Release|Mixed Platforms.ActiveCfg = Release|Any CPU
		{F1F92517-4922-42EC-B001-02612A9CD50D}.Release|Mixed Platforms.Build.0 = Release|Any CPU
		{F1F92517-4922-42EC-B001-02612A9CD50D}.Release|x86.ActiveCfg = Release|Any CPU
		{F1F92517-4922-42EC-B001-02612A9CD50D}.Release|x86.Build.0 = Release|Any CPU
		{F1F92517-4922-42EC-B001-02612A9CD50D}.Template_Debug|Any CPU.ActiveCfg = Debug|Any CPU
		{F1F92517-4922-42EC-B001-02612A9CD50D}.Template_Debug|Any CPU.Build.0 = Debug|Any CPU
		{F1F92517-4922-42EC-B001-02612A9CD50D}.Template_Debug|Mixed Platforms.ActiveCfg = Debug|Any CPU
		{F1F92517-4922-42EC-B001-02612A9CD50D}.Template_Debug|Mixed Platforms.Build.0 = Debug|Any CPU
		{F1F92517-4922-42EC-B001-02612A9CD50D}.Template_Debug|x86.ActiveCfg = Debug|Any CPU
		{F1F92517-4922-42EC-B001-02612A9CD50D}.Template_Debug|x86.Build.0 = Debug|Any CPU
		{2C7C24FC-D3E7-4A07-AF74-2392D5484A0A}.Debug|Any CPU.ActiveCfg = Debug|Any CPU
		{2C7C24FC-D3E7-4A07-AF74-2392D5484A0A}.Debug|Any CPU.Build.0 = Debug|Any CPU
		{2C7C24FC-D3E7-4A07-AF74-2392D5484A0A}.Debug|Mixed Platforms.ActiveCfg = Debug|Any CPU
		{2C7C24FC-D3E7-4A07-AF74-2392D5484A0A}.Debug|Mixed Platforms.Build.0 = Debug|Any CPU
		{2C7C24FC-D3E7-4A07-AF74-2392D5484A0A}.Debug|x86.ActiveCfg = Debug|Any CPU
		{2C7C24FC-D3E7-4A07-AF74-2392D5484A0A}.Debug|x86.Build.0 = Debug|Any CPU
		{2C7C24FC-D3E7-4A07-AF74-2392D5484A0A}.DhDev|Any CPU.ActiveCfg = DhDev|Any CPU
		{2C7C24FC-D3E7-4A07-AF74-2392D5484A0A}.DhDev|Any CPU.Build.0 = DhDev|Any CPU
		{2C7C24FC-D3E7-4A07-AF74-2392D5484A0A}.DhDev|Mixed Platforms.ActiveCfg = DhDev|Any CPU
		{2C7C24FC-D3E7-4A07-AF74-2392D5484A0A}.DhDev|Mixed Platforms.Build.0 = DhDev|Any CPU
		{2C7C24FC-D3E7-4A07-AF74-2392D5484A0A}.DhDev|x86.ActiveCfg = DhDev|Any CPU
		{2C7C24FC-D3E7-4A07-AF74-2392D5484A0A}.DhDev|x86.Build.0 = DhDev|Any CPU
		{2C7C24FC-D3E7-4A07-AF74-2392D5484A0A}.Release|Any CPU.ActiveCfg = Release|Any CPU
		{2C7C24FC-D3E7-4A07-AF74-2392D5484A0A}.Release|Any CPU.Build.0 = Release|Any CPU
		{2C7C24FC-D3E7-4A07-AF74-2392D5484A0A}.Release|Mixed Platforms.ActiveCfg = Release|Any CPU
		{2C7C24FC-D3E7-4A07-AF74-2392D5484A0A}.Release|Mixed Platforms.Build.0 = Release|Any CPU
		{2C7C24FC-D3E7-4A07-AF74-2392D5484A0A}.Release|x86.ActiveCfg = Release|Any CPU
		{2C7C24FC-D3E7-4A07-AF74-2392D5484A0A}.Release|x86.Build.0 = Release|Any CPU
		{2C7C24FC-D3E7-4A07-AF74-2392D5484A0A}.Template_Debug|Any CPU.ActiveCfg = Debug|Any CPU
		{2C7C24FC-D3E7-4A07-AF74-2392D5484A0A}.Template_Debug|Any CPU.Build.0 = Debug|Any CPU
		{2C7C24FC-D3E7-4A07-AF74-2392D5484A0A}.Template_Debug|Mixed Platforms.ActiveCfg = Debug|Any CPU
		{2C7C24FC-D3E7-4A07-AF74-2392D5484A0A}.Template_Debug|Mixed Platforms.Build.0 = Debug|Any CPU
		{2C7C24FC-D3E7-4A07-AF74-2392D5484A0A}.Template_Debug|x86.ActiveCfg = Debug|Any CPU
		{2C7C24FC-D3E7-4A07-AF74-2392D5484A0A}.Template_Debug|x86.Build.0 = Debug|Any CPU
		{300807AD-E3DA-4BF5-93FC-2503D617EDC1}.Debug|Any CPU.ActiveCfg = Debug|Any CPU
		{300807AD-E3DA-4BF5-93FC-2503D617EDC1}.Debug|Any CPU.Build.0 = Debug|Any CPU
		{300807AD-E3DA-4BF5-93FC-2503D617EDC1}.Debug|Mixed Platforms.ActiveCfg = Debug|Any CPU
		{300807AD-E3DA-4BF5-93FC-2503D617EDC1}.Debug|Mixed Platforms.Build.0 = Debug|Any CPU
		{300807AD-E3DA-4BF5-93FC-2503D617EDC1}.Debug|x86.ActiveCfg = Debug|Any CPU
		{300807AD-E3DA-4BF5-93FC-2503D617EDC1}.Debug|x86.Build.0 = Debug|Any CPU
		{300807AD-E3DA-4BF5-93FC-2503D617EDC1}.DhDev|Any CPU.ActiveCfg = DhDev|Any CPU
		{300807AD-E3DA-4BF5-93FC-2503D617EDC1}.DhDev|Any CPU.Build.0 = DhDev|Any CPU
		{300807AD-E3DA-4BF5-93FC-2503D617EDC1}.DhDev|Mixed Platforms.ActiveCfg = DhDev|Any CPU
		{300807AD-E3DA-4BF5-93FC-2503D617EDC1}.DhDev|Mixed Platforms.Build.0 = DhDev|Any CPU
		{300807AD-E3DA-4BF5-93FC-2503D617EDC1}.DhDev|x86.ActiveCfg = DhDev|Any CPU
		{300807AD-E3DA-4BF5-93FC-2503D617EDC1}.DhDev|x86.Build.0 = DhDev|Any CPU
		{300807AD-E3DA-4BF5-93FC-2503D617EDC1}.Release|Any CPU.ActiveCfg = Release|Any CPU
		{300807AD-E3DA-4BF5-93FC-2503D617EDC1}.Release|Any CPU.Build.0 = Release|Any CPU
		{300807AD-E3DA-4BF5-93FC-2503D617EDC1}.Release|Mixed Platforms.ActiveCfg = Release|Any CPU
		{300807AD-E3DA-4BF5-93FC-2503D617EDC1}.Release|Mixed Platforms.Build.0 = Release|Any CPU
		{300807AD-E3DA-4BF5-93FC-2503D617EDC1}.Release|x86.ActiveCfg = Release|Any CPU
		{300807AD-E3DA-4BF5-93FC-2503D617EDC1}.Release|x86.Build.0 = Release|Any CPU
		{300807AD-E3DA-4BF5-93FC-2503D617EDC1}.Template_Debug|Any CPU.ActiveCfg = Debug|Any CPU
		{300807AD-E3DA-4BF5-93FC-2503D617EDC1}.Template_Debug|Any CPU.Build.0 = Debug|Any CPU
		{300807AD-E3DA-4BF5-93FC-2503D617EDC1}.Template_Debug|Mixed Platforms.ActiveCfg = Debug|Any CPU
		{300807AD-E3DA-4BF5-93FC-2503D617EDC1}.Template_Debug|Mixed Platforms.Build.0 = Debug|Any CPU
		{300807AD-E3DA-4BF5-93FC-2503D617EDC1}.Template_Debug|x86.ActiveCfg = Debug|Any CPU
		{300807AD-E3DA-4BF5-93FC-2503D617EDC1}.Template_Debug|x86.Build.0 = Debug|Any CPU
		{F1A69926-A9B2-4FA1-A1F9-1258B650D991}.Debug|Any CPU.ActiveCfg = Debug|Any CPU
		{F1A69926-A9B2-4FA1-A1F9-1258B650D991}.Debug|Any CPU.Build.0 = Debug|Any CPU
		{F1A69926-A9B2-4FA1-A1F9-1258B650D991}.Debug|Mixed Platforms.ActiveCfg = Debug|Any CPU
		{F1A69926-A9B2-4FA1-A1F9-1258B650D991}.Debug|Mixed Platforms.Build.0 = Debug|Any CPU
		{F1A69926-A9B2-4FA1-A1F9-1258B650D991}.Debug|x86.ActiveCfg = Debug|Any CPU
		{F1A69926-A9B2-4FA1-A1F9-1258B650D991}.Debug|x86.Build.0 = Debug|Any CPU
		{F1A69926-A9B2-4FA1-A1F9-1258B650D991}.DhDev|Any CPU.ActiveCfg = DhDev|Any CPU
		{F1A69926-A9B2-4FA1-A1F9-1258B650D991}.DhDev|Any CPU.Build.0 = DhDev|Any CPU
		{F1A69926-A9B2-4FA1-A1F9-1258B650D991}.DhDev|Mixed Platforms.ActiveCfg = DhDev|Any CPU
		{F1A69926-A9B2-4FA1-A1F9-1258B650D991}.DhDev|Mixed Platforms.Build.0 = DhDev|Any CPU
		{F1A69926-A9B2-4FA1-A1F9-1258B650D991}.DhDev|x86.ActiveCfg = DhDev|Any CPU
		{F1A69926-A9B2-4FA1-A1F9-1258B650D991}.DhDev|x86.Build.0 = DhDev|Any CPU
		{F1A69926-A9B2-4FA1-A1F9-1258B650D991}.Release|Any CPU.ActiveCfg = Release|Any CPU
		{F1A69926-A9B2-4FA1-A1F9-1258B650D991}.Release|Any CPU.Build.0 = Release|Any CPU
		{F1A69926-A9B2-4FA1-A1F9-1258B650D991}.Release|Mixed Platforms.ActiveCfg = Release|Any CPU
		{F1A69926-A9B2-4FA1-A1F9-1258B650D991}.Release|Mixed Platforms.Build.0 = Release|Any CPU
		{F1A69926-A9B2-4FA1-A1F9-1258B650D991}.Release|x86.ActiveCfg = Release|Any CPU
		{F1A69926-A9B2-4FA1-A1F9-1258B650D991}.Release|x86.Build.0 = Release|Any CPU
		{F1A69926-A9B2-4FA1-A1F9-1258B650D991}.Template_Debug|Any CPU.ActiveCfg = Debug|Any CPU
		{F1A69926-A9B2-4FA1-A1F9-1258B650D991}.Template_Debug|Any CPU.Build.0 = Debug|Any CPU
		{F1A69926-A9B2-4FA1-A1F9-1258B650D991}.Template_Debug|Mixed Platforms.ActiveCfg = Debug|Any CPU
		{F1A69926-A9B2-4FA1-A1F9-1258B650D991}.Template_Debug|Mixed Platforms.Build.0 = Debug|Any CPU
		{F1A69926-A9B2-4FA1-A1F9-1258B650D991}.Template_Debug|x86.ActiveCfg = Debug|Any CPU
		{F1A69926-A9B2-4FA1-A1F9-1258B650D991}.Template_Debug|x86.Build.0 = Debug|Any CPU
		{27CF7E8E-7B24-42CC-B344-C0B80EDC4D8E}.Debug|Any CPU.ActiveCfg = Debug|Any CPU
		{27CF7E8E-7B24-42CC-B344-C0B80EDC4D8E}.Debug|Any CPU.Build.0 = Debug|Any CPU
		{27CF7E8E-7B24-42CC-B344-C0B80EDC4D8E}.Debug|Mixed Platforms.ActiveCfg = Debug|Any CPU
		{27CF7E8E-7B24-42CC-B344-C0B80EDC4D8E}.Debug|Mixed Platforms.Build.0 = Debug|Any CPU
		{27CF7E8E-7B24-42CC-B344-C0B80EDC4D8E}.Debug|x86.ActiveCfg = Debug|Any CPU
		{27CF7E8E-7B24-42CC-B344-C0B80EDC4D8E}.Debug|x86.Build.0 = Debug|Any CPU
		{27CF7E8E-7B24-42CC-B344-C0B80EDC4D8E}.DhDev|Any CPU.ActiveCfg = DhDev|Any CPU
		{27CF7E8E-7B24-42CC-B344-C0B80EDC4D8E}.DhDev|Any CPU.Build.0 = DhDev|Any CPU
		{27CF7E8E-7B24-42CC-B344-C0B80EDC4D8E}.DhDev|Mixed Platforms.ActiveCfg = DhDev|Any CPU
		{27CF7E8E-7B24-42CC-B344-C0B80EDC4D8E}.DhDev|Mixed Platforms.Build.0 = DhDev|Any CPU
		{27CF7E8E-7B24-42CC-B344-C0B80EDC4D8E}.DhDev|x86.ActiveCfg = DhDev|Any CPU
		{27CF7E8E-7B24-42CC-B344-C0B80EDC4D8E}.DhDev|x86.Build.0 = DhDev|Any CPU
		{27CF7E8E-7B24-42CC-B344-C0B80EDC4D8E}.Release|Any CPU.ActiveCfg = Release|Any CPU
		{27CF7E8E-7B24-42CC-B344-C0B80EDC4D8E}.Release|Any CPU.Build.0 = Release|Any CPU
		{27CF7E8E-7B24-42CC-B344-C0B80EDC4D8E}.Release|Mixed Platforms.ActiveCfg = Release|Any CPU
		{27CF7E8E-7B24-42CC-B344-C0B80EDC4D8E}.Release|Mixed Platforms.Build.0 = Release|Any CPU
		{27CF7E8E-7B24-42CC-B344-C0B80EDC4D8E}.Release|x86.ActiveCfg = Release|Any CPU
		{27CF7E8E-7B24-42CC-B344-C0B80EDC4D8E}.Release|x86.Build.0 = Release|Any CPU
		{27CF7E8E-7B24-42CC-B344-C0B80EDC4D8E}.Template_Debug|Any CPU.ActiveCfg = Debug|Any CPU
		{27CF7E8E-7B24-42CC-B344-C0B80EDC4D8E}.Template_Debug|Any CPU.Build.0 = Debug|Any CPU
		{27CF7E8E-7B24-42CC-B344-C0B80EDC4D8E}.Template_Debug|Mixed Platforms.ActiveCfg = Debug|Any CPU
		{27CF7E8E-7B24-42CC-B344-C0B80EDC4D8E}.Template_Debug|Mixed Platforms.Build.0 = Debug|Any CPU
		{27CF7E8E-7B24-42CC-B344-C0B80EDC4D8E}.Template_Debug|x86.ActiveCfg = Debug|Any CPU
		{27CF7E8E-7B24-42CC-B344-C0B80EDC4D8E}.Template_Debug|x86.Build.0 = Debug|Any CPU
		{D268E4E5-CD72-45DC-9DC0-9F0AD89F3F6E}.Debug|Any CPU.ActiveCfg = Debug|Any CPU
		{D268E4E5-CD72-45DC-9DC0-9F0AD89F3F6E}.Debug|Any CPU.Build.0 = Debug|Any CPU
		{D268E4E5-CD72-45DC-9DC0-9F0AD89F3F6E}.Debug|Mixed Platforms.ActiveCfg = Debug|Any CPU
		{D268E4E5-CD72-45DC-9DC0-9F0AD89F3F6E}.Debug|Mixed Platforms.Build.0 = Debug|Any CPU
		{D268E4E5-CD72-45DC-9DC0-9F0AD89F3F6E}.Debug|x86.ActiveCfg = Debug|Any CPU
		{D268E4E5-CD72-45DC-9DC0-9F0AD89F3F6E}.Debug|x86.Build.0 = Debug|Any CPU
		{D268E4E5-CD72-45DC-9DC0-9F0AD89F3F6E}.DhDev|Any CPU.ActiveCfg = DhDev|Any CPU
		{D268E4E5-CD72-45DC-9DC0-9F0AD89F3F6E}.DhDev|Any CPU.Build.0 = DhDev|Any CPU
		{D268E4E5-CD72-45DC-9DC0-9F0AD89F3F6E}.DhDev|Mixed Platforms.ActiveCfg = DhDev|Any CPU
		{D268E4E5-CD72-45DC-9DC0-9F0AD89F3F6E}.DhDev|Mixed Platforms.Build.0 = DhDev|Any CPU
		{D268E4E5-CD72-45DC-9DC0-9F0AD89F3F6E}.DhDev|x86.ActiveCfg = DhDev|Any CPU
		{D268E4E5-CD72-45DC-9DC0-9F0AD89F3F6E}.DhDev|x86.Build.0 = DhDev|Any CPU
		{D268E4E5-CD72-45DC-9DC0-9F0AD89F3F6E}.Release|Any CPU.ActiveCfg = Release|Any CPU
		{D268E4E5-CD72-45DC-9DC0-9F0AD89F3F6E}.Release|Any CPU.Build.0 = Release|Any CPU
		{D268E4E5-CD72-45DC-9DC0-9F0AD89F3F6E}.Release|Mixed Platforms.ActiveCfg = Release|Any CPU
		{D268E4E5-CD72-45DC-9DC0-9F0AD89F3F6E}.Release|Mixed Platforms.Build.0 = Release|Any CPU
		{D268E4E5-CD72-45DC-9DC0-9F0AD89F3F6E}.Release|x86.ActiveCfg = Release|Any CPU
		{D268E4E5-CD72-45DC-9DC0-9F0AD89F3F6E}.Release|x86.Build.0 = Release|Any CPU
		{D268E4E5-CD72-45DC-9DC0-9F0AD89F3F6E}.Template_Debug|Any CPU.ActiveCfg = Debug|Any CPU
		{D268E4E5-CD72-45DC-9DC0-9F0AD89F3F6E}.Template_Debug|Any CPU.Build.0 = Debug|Any CPU
		{D268E4E5-CD72-45DC-9DC0-9F0AD89F3F6E}.Template_Debug|Mixed Platforms.ActiveCfg = Debug|Any CPU
		{D268E4E5-CD72-45DC-9DC0-9F0AD89F3F6E}.Template_Debug|Mixed Platforms.Build.0 = Debug|Any CPU
		{D268E4E5-CD72-45DC-9DC0-9F0AD89F3F6E}.Template_Debug|x86.ActiveCfg = Debug|Any CPU
		{D268E4E5-CD72-45DC-9DC0-9F0AD89F3F6E}.Template_Debug|x86.Build.0 = Debug|Any CPU
		{DE589388-2E9B-44C3-BCB7-9D4D051391DE}.Debug|Any CPU.ActiveCfg = Debug|Any CPU
		{DE589388-2E9B-44C3-BCB7-9D4D051391DE}.Debug|Any CPU.Build.0 = Debug|Any CPU
		{DE589388-2E9B-44C3-BCB7-9D4D051391DE}.Debug|Mixed Platforms.ActiveCfg = Debug|Any CPU
		{DE589388-2E9B-44C3-BCB7-9D4D051391DE}.Debug|Mixed Platforms.Build.0 = Debug|Any CPU
		{DE589388-2E9B-44C3-BCB7-9D4D051391DE}.Debug|x86.ActiveCfg = Debug|Any CPU
		{DE589388-2E9B-44C3-BCB7-9D4D051391DE}.Debug|x86.Build.0 = Debug|Any CPU
		{DE589388-2E9B-44C3-BCB7-9D4D051391DE}.DhDev|Any CPU.ActiveCfg = DhDev|Any CPU
		{DE589388-2E9B-44C3-BCB7-9D4D051391DE}.DhDev|Any CPU.Build.0 = DhDev|Any CPU
		{DE589388-2E9B-44C3-BCB7-9D4D051391DE}.DhDev|Mixed Platforms.ActiveCfg = DhDev|Any CPU
		{DE589388-2E9B-44C3-BCB7-9D4D051391DE}.DhDev|Mixed Platforms.Build.0 = DhDev|Any CPU
		{DE589388-2E9B-44C3-BCB7-9D4D051391DE}.DhDev|x86.ActiveCfg = DhDev|Any CPU
		{DE589388-2E9B-44C3-BCB7-9D4D051391DE}.DhDev|x86.Build.0 = DhDev|Any CPU
		{DE589388-2E9B-44C3-BCB7-9D4D051391DE}.Release|Any CPU.ActiveCfg = Release|Any CPU
		{DE589388-2E9B-44C3-BCB7-9D4D051391DE}.Release|Any CPU.Build.0 = Release|Any CPU
		{DE589388-2E9B-44C3-BCB7-9D4D051391DE}.Release|Mixed Platforms.ActiveCfg = Release|Any CPU
		{DE589388-2E9B-44C3-BCB7-9D4D051391DE}.Release|Mixed Platforms.Build.0 = Release|Any CPU
		{DE589388-2E9B-44C3-BCB7-9D4D051391DE}.Release|x86.ActiveCfg = Release|Any CPU
		{DE589388-2E9B-44C3-BCB7-9D4D051391DE}.Release|x86.Build.0 = Release|Any CPU
		{DE589388-2E9B-44C3-BCB7-9D4D051391DE}.Template_Debug|Any CPU.ActiveCfg = Debug|Any CPU
		{DE589388-2E9B-44C3-BCB7-9D4D051391DE}.Template_Debug|Any CPU.Build.0 = Debug|Any CPU
		{DE589388-2E9B-44C3-BCB7-9D4D051391DE}.Template_Debug|Mixed Platforms.ActiveCfg = Debug|Any CPU
		{DE589388-2E9B-44C3-BCB7-9D4D051391DE}.Template_Debug|Mixed Platforms.Build.0 = Debug|Any CPU
		{DE589388-2E9B-44C3-BCB7-9D4D051391DE}.Template_Debug|x86.ActiveCfg = Debug|Any CPU
		{DE589388-2E9B-44C3-BCB7-9D4D051391DE}.Template_Debug|x86.Build.0 = Debug|Any CPU
		{4C86F83D-546F-441A-AC1E-A25E2CCF268F}.Debug|Any CPU.ActiveCfg = Debug|Any CPU
		{4C86F83D-546F-441A-AC1E-A25E2CCF268F}.Debug|Any CPU.Build.0 = Debug|Any CPU
		{4C86F83D-546F-441A-AC1E-A25E2CCF268F}.Debug|Mixed Platforms.ActiveCfg = Debug|Any CPU
		{4C86F83D-546F-441A-AC1E-A25E2CCF268F}.Debug|Mixed Platforms.Build.0 = Debug|Any CPU
		{4C86F83D-546F-441A-AC1E-A25E2CCF268F}.Debug|x86.ActiveCfg = Debug|Any CPU
		{4C86F83D-546F-441A-AC1E-A25E2CCF268F}.Debug|x86.Build.0 = Debug|Any CPU
		{4C86F83D-546F-441A-AC1E-A25E2CCF268F}.DhDev|Any CPU.ActiveCfg = Debug|Any CPU
		{4C86F83D-546F-441A-AC1E-A25E2CCF268F}.DhDev|Any CPU.Build.0 = Debug|Any CPU
		{4C86F83D-546F-441A-AC1E-A25E2CCF268F}.DhDev|Mixed Platforms.ActiveCfg = Debug|Any CPU
		{4C86F83D-546F-441A-AC1E-A25E2CCF268F}.DhDev|Mixed Platforms.Build.0 = Debug|Any CPU
		{4C86F83D-546F-441A-AC1E-A25E2CCF268F}.DhDev|x86.ActiveCfg = Debug|Any CPU
		{4C86F83D-546F-441A-AC1E-A25E2CCF268F}.DhDev|x86.Build.0 = Debug|Any CPU
		{4C86F83D-546F-441A-AC1E-A25E2CCF268F}.Release|Any CPU.ActiveCfg = Release|Any CPU
		{4C86F83D-546F-441A-AC1E-A25E2CCF268F}.Release|Any CPU.Build.0 = Release|Any CPU
		{4C86F83D-546F-441A-AC1E-A25E2CCF268F}.Release|Mixed Platforms.ActiveCfg = Release|Any CPU
		{4C86F83D-546F-441A-AC1E-A25E2CCF268F}.Release|Mixed Platforms.Build.0 = Release|Any CPU
		{4C86F83D-546F-441A-AC1E-A25E2CCF268F}.Release|x86.ActiveCfg = Release|Any CPU
		{4C86F83D-546F-441A-AC1E-A25E2CCF268F}.Release|x86.Build.0 = Release|Any CPU
		{4C86F83D-546F-441A-AC1E-A25E2CCF268F}.Template_Debug|Any CPU.ActiveCfg = Debug|Any CPU
		{4C86F83D-546F-441A-AC1E-A25E2CCF268F}.Template_Debug|Any CPU.Build.0 = Debug|Any CPU
		{4C86F83D-546F-441A-AC1E-A25E2CCF268F}.Template_Debug|Mixed Platforms.ActiveCfg = Debug|Any CPU
		{4C86F83D-546F-441A-AC1E-A25E2CCF268F}.Template_Debug|Mixed Platforms.Build.0 = Debug|Any CPU
		{4C86F83D-546F-441A-AC1E-A25E2CCF268F}.Template_Debug|x86.ActiveCfg = Debug|Any CPU
		{4C86F83D-546F-441A-AC1E-A25E2CCF268F}.Template_Debug|x86.Build.0 = Debug|Any CPU
		{305EAD7F-ADDE-4821-8213-1E273C4E526E}.Debug|Any CPU.ActiveCfg = Debug|Any CPU
		{305EAD7F-ADDE-4821-8213-1E273C4E526E}.Debug|Any CPU.Build.0 = Debug|Any CPU
		{305EAD7F-ADDE-4821-8213-1E273C4E526E}.Debug|Mixed Platforms.ActiveCfg = Debug|Any CPU
		{305EAD7F-ADDE-4821-8213-1E273C4E526E}.Debug|Mixed Platforms.Build.0 = Debug|Any CPU
		{305EAD7F-ADDE-4821-8213-1E273C4E526E}.Debug|x86.ActiveCfg = Debug|Any CPU
		{305EAD7F-ADDE-4821-8213-1E273C4E526E}.Debug|x86.Build.0 = Debug|Any CPU
		{305EAD7F-ADDE-4821-8213-1E273C4E526E}.DhDev|Any CPU.ActiveCfg = Debug|Any CPU
		{305EAD7F-ADDE-4821-8213-1E273C4E526E}.DhDev|Any CPU.Build.0 = Debug|Any CPU
		{305EAD7F-ADDE-4821-8213-1E273C4E526E}.DhDev|Mixed Platforms.ActiveCfg = Debug|Any CPU
		{305EAD7F-ADDE-4821-8213-1E273C4E526E}.DhDev|Mixed Platforms.Build.0 = Debug|Any CPU
		{305EAD7F-ADDE-4821-8213-1E273C4E526E}.DhDev|x86.ActiveCfg = Debug|Any CPU
		{305EAD7F-ADDE-4821-8213-1E273C4E526E}.DhDev|x86.Build.0 = Debug|Any CPU
		{305EAD7F-ADDE-4821-8213-1E273C4E526E}.Release|Any CPU.ActiveCfg = Release|Any CPU
		{305EAD7F-ADDE-4821-8213-1E273C4E526E}.Release|Any CPU.Build.0 = Release|Any CPU
		{305EAD7F-ADDE-4821-8213-1E273C4E526E}.Release|Mixed Platforms.ActiveCfg = Release|Any CPU
		{305EAD7F-ADDE-4821-8213-1E273C4E526E}.Release|Mixed Platforms.Build.0 = Release|Any CPU
		{305EAD7F-ADDE-4821-8213-1E273C4E526E}.Release|x86.ActiveCfg = Release|Any CPU
		{305EAD7F-ADDE-4821-8213-1E273C4E526E}.Release|x86.Build.0 = Release|Any CPU
		{305EAD7F-ADDE-4821-8213-1E273C4E526E}.Template_Debug|Any CPU.ActiveCfg = Debug|Any CPU
		{305EAD7F-ADDE-4821-8213-1E273C4E526E}.Template_Debug|Any CPU.Build.0 = Debug|Any CPU
		{305EAD7F-ADDE-4821-8213-1E273C4E526E}.Template_Debug|Mixed Platforms.ActiveCfg = Debug|Any CPU
		{305EAD7F-ADDE-4821-8213-1E273C4E526E}.Template_Debug|Mixed Platforms.Build.0 = Debug|Any CPU
		{305EAD7F-ADDE-4821-8213-1E273C4E526E}.Template_Debug|x86.ActiveCfg = Debug|Any CPU
		{305EAD7F-ADDE-4821-8213-1E273C4E526E}.Template_Debug|x86.Build.0 = Debug|Any CPU
		{B25DB426-911D-429B-B537-CFA2FD1F5F0F}.Debug|Any CPU.ActiveCfg = Debug|Any CPU
		{B25DB426-911D-429B-B537-CFA2FD1F5F0F}.Debug|Any CPU.Build.0 = Debug|Any CPU
		{B25DB426-911D-429B-B537-CFA2FD1F5F0F}.Debug|Mixed Platforms.ActiveCfg = Debug|Any CPU
		{B25DB426-911D-429B-B537-CFA2FD1F5F0F}.Debug|Mixed Platforms.Build.0 = Debug|Any CPU
		{B25DB426-911D-429B-B537-CFA2FD1F5F0F}.Debug|x86.ActiveCfg = Debug|Any CPU
		{B25DB426-911D-429B-B537-CFA2FD1F5F0F}.Debug|x86.Build.0 = Debug|Any CPU
		{B25DB426-911D-429B-B537-CFA2FD1F5F0F}.DhDev|Any CPU.ActiveCfg = Debug|Any CPU
		{B25DB426-911D-429B-B537-CFA2FD1F5F0F}.DhDev|Any CPU.Build.0 = Debug|Any CPU
		{B25DB426-911D-429B-B537-CFA2FD1F5F0F}.DhDev|Mixed Platforms.ActiveCfg = Debug|Any CPU
		{B25DB426-911D-429B-B537-CFA2FD1F5F0F}.DhDev|Mixed Platforms.Build.0 = Debug|Any CPU
		{B25DB426-911D-429B-B537-CFA2FD1F5F0F}.DhDev|x86.ActiveCfg = Debug|Any CPU
		{B25DB426-911D-429B-B537-CFA2FD1F5F0F}.DhDev|x86.Build.0 = Debug|Any CPU
		{B25DB426-911D-429B-B537-CFA2FD1F5F0F}.Release|Any CPU.ActiveCfg = Release|Any CPU
		{B25DB426-911D-429B-B537-CFA2FD1F5F0F}.Release|Any CPU.Build.0 = Release|Any CPU
		{B25DB426-911D-429B-B537-CFA2FD1F5F0F}.Release|Mixed Platforms.ActiveCfg = Release|Any CPU
		{B25DB426-911D-429B-B537-CFA2FD1F5F0F}.Release|Mixed Platforms.Build.0 = Release|Any CPU
		{B25DB426-911D-429B-B537-CFA2FD1F5F0F}.Release|x86.ActiveCfg = Release|Any CPU
		{B25DB426-911D-429B-B537-CFA2FD1F5F0F}.Release|x86.Build.0 = Release|Any CPU
		{B25DB426-911D-429B-B537-CFA2FD1F5F0F}.Template_Debug|Any CPU.ActiveCfg = Debug|Any CPU
		{B25DB426-911D-429B-B537-CFA2FD1F5F0F}.Template_Debug|Any CPU.Build.0 = Debug|Any CPU
		{B25DB426-911D-429B-B537-CFA2FD1F5F0F}.Template_Debug|Mixed Platforms.ActiveCfg = Debug|Any CPU
		{B25DB426-911D-429B-B537-CFA2FD1F5F0F}.Template_Debug|Mixed Platforms.Build.0 = Debug|Any CPU
		{B25DB426-911D-429B-B537-CFA2FD1F5F0F}.Template_Debug|x86.ActiveCfg = Debug|Any CPU
		{B25DB426-911D-429B-B537-CFA2FD1F5F0F}.Template_Debug|x86.Build.0 = Debug|Any CPU
		{93DC07BA-205B-4AA3-8C72-C97EF6D7D013}.Debug|Any CPU.ActiveCfg = Debug|Any CPU
		{93DC07BA-205B-4AA3-8C72-C97EF6D7D013}.Debug|Any CPU.Build.0 = Debug|Any CPU
		{93DC07BA-205B-4AA3-8C72-C97EF6D7D013}.Debug|Mixed Platforms.ActiveCfg = Debug|Any CPU
		{93DC07BA-205B-4AA3-8C72-C97EF6D7D013}.Debug|Mixed Platforms.Build.0 = Debug|Any CPU
		{93DC07BA-205B-4AA3-8C72-C97EF6D7D013}.Debug|x86.ActiveCfg = Debug|Any CPU
		{93DC07BA-205B-4AA3-8C72-C97EF6D7D013}.Debug|x86.Build.0 = Debug|Any CPU
		{93DC07BA-205B-4AA3-8C72-C97EF6D7D013}.DhDev|Any CPU.ActiveCfg = Debug|Any CPU
		{93DC07BA-205B-4AA3-8C72-C97EF6D7D013}.DhDev|Any CPU.Build.0 = Debug|Any CPU
		{93DC07BA-205B-4AA3-8C72-C97EF6D7D013}.DhDev|Mixed Platforms.ActiveCfg = Debug|Any CPU
		{93DC07BA-205B-4AA3-8C72-C97EF6D7D013}.DhDev|Mixed Platforms.Build.0 = Debug|Any CPU
		{93DC07BA-205B-4AA3-8C72-C97EF6D7D013}.DhDev|x86.ActiveCfg = Debug|Any CPU
		{93DC07BA-205B-4AA3-8C72-C97EF6D7D013}.DhDev|x86.Build.0 = Debug|Any CPU
		{93DC07BA-205B-4AA3-8C72-C97EF6D7D013}.Release|Any CPU.ActiveCfg = Release|Any CPU
		{93DC07BA-205B-4AA3-8C72-C97EF6D7D013}.Release|Any CPU.Build.0 = Release|Any CPU
		{93DC07BA-205B-4AA3-8C72-C97EF6D7D013}.Release|Mixed Platforms.ActiveCfg = Release|Any CPU
		{93DC07BA-205B-4AA3-8C72-C97EF6D7D013}.Release|Mixed Platforms.Build.0 = Release|Any CPU
		{93DC07BA-205B-4AA3-8C72-C97EF6D7D013}.Release|x86.ActiveCfg = Release|Any CPU
		{93DC07BA-205B-4AA3-8C72-C97EF6D7D013}.Release|x86.Build.0 = Release|Any CPU
		{93DC07BA-205B-4AA3-8C72-C97EF6D7D013}.Template_Debug|Any CPU.ActiveCfg = Debug|Any CPU
		{93DC07BA-205B-4AA3-8C72-C97EF6D7D013}.Template_Debug|Any CPU.Build.0 = Debug|Any CPU
		{93DC07BA-205B-4AA3-8C72-C97EF6D7D013}.Template_Debug|Mixed Platforms.ActiveCfg = Debug|Any CPU
		{93DC07BA-205B-4AA3-8C72-C97EF6D7D013}.Template_Debug|Mixed Platforms.Build.0 = Debug|Any CPU
		{93DC07BA-205B-4AA3-8C72-C97EF6D7D013}.Template_Debug|x86.ActiveCfg = Debug|Any CPU
		{93DC07BA-205B-4AA3-8C72-C97EF6D7D013}.Template_Debug|x86.Build.0 = Debug|Any CPU
		{B0D605B8-51C1-48D1-BA96-5853780E4E30}.Debug|Any CPU.ActiveCfg = Debug|Any CPU
		{B0D605B8-51C1-48D1-BA96-5853780E4E30}.Debug|Any CPU.Build.0 = Debug|Any CPU
		{B0D605B8-51C1-48D1-BA96-5853780E4E30}.Debug|Mixed Platforms.ActiveCfg = Debug|Any CPU
		{B0D605B8-51C1-48D1-BA96-5853780E4E30}.Debug|Mixed Platforms.Build.0 = Debug|Any CPU
		{B0D605B8-51C1-48D1-BA96-5853780E4E30}.Debug|x86.ActiveCfg = Debug|Any CPU
		{B0D605B8-51C1-48D1-BA96-5853780E4E30}.Debug|x86.Build.0 = Debug|Any CPU
		{B0D605B8-51C1-48D1-BA96-5853780E4E30}.DhDev|Any CPU.ActiveCfg = Debug|Any CPU
		{B0D605B8-51C1-48D1-BA96-5853780E4E30}.DhDev|Any CPU.Build.0 = Debug|Any CPU
		{B0D605B8-51C1-48D1-BA96-5853780E4E30}.DhDev|Mixed Platforms.ActiveCfg = Debug|Any CPU
		{B0D605B8-51C1-48D1-BA96-5853780E4E30}.DhDev|Mixed Platforms.Build.0 = Debug|Any CPU
		{B0D605B8-51C1-48D1-BA96-5853780E4E30}.DhDev|x86.ActiveCfg = Debug|Any CPU
		{B0D605B8-51C1-48D1-BA96-5853780E4E30}.DhDev|x86.Build.0 = Debug|Any CPU
		{B0D605B8-51C1-48D1-BA96-5853780E4E30}.Release|Any CPU.ActiveCfg = Release|Any CPU
		{B0D605B8-51C1-48D1-BA96-5853780E4E30}.Release|Any CPU.Build.0 = Release|Any CPU
		{B0D605B8-51C1-48D1-BA96-5853780E4E30}.Release|Mixed Platforms.ActiveCfg = Release|Any CPU
		{B0D605B8-51C1-48D1-BA96-5853780E4E30}.Release|Mixed Platforms.Build.0 = Release|Any CPU
		{B0D605B8-51C1-48D1-BA96-5853780E4E30}.Release|x86.ActiveCfg = Release|Any CPU
		{B0D605B8-51C1-48D1-BA96-5853780E4E30}.Release|x86.Build.0 = Release|Any CPU
		{B0D605B8-51C1-48D1-BA96-5853780E4E30}.Template_Debug|Any CPU.ActiveCfg = Debug|Any CPU
		{B0D605B8-51C1-48D1-BA96-5853780E4E30}.Template_Debug|Any CPU.Build.0 = Debug|Any CPU
		{B0D605B8-51C1-48D1-BA96-5853780E4E30}.Template_Debug|Mixed Platforms.ActiveCfg = Debug|Any CPU
		{B0D605B8-51C1-48D1-BA96-5853780E4E30}.Template_Debug|Mixed Platforms.Build.0 = Debug|Any CPU
		{B0D605B8-51C1-48D1-BA96-5853780E4E30}.Template_Debug|x86.ActiveCfg = Debug|Any CPU
		{B0D605B8-51C1-48D1-BA96-5853780E4E30}.Template_Debug|x86.Build.0 = Debug|Any CPU
		{1D5538A1-6664-4EAF-958A-46CA5C534ABE}.Debug|Any CPU.ActiveCfg = Debug|Any CPU
		{1D5538A1-6664-4EAF-958A-46CA5C534ABE}.Debug|Any CPU.Build.0 = Debug|Any CPU
		{1D5538A1-6664-4EAF-958A-46CA5C534ABE}.Debug|Mixed Platforms.ActiveCfg = Debug|Any CPU
		{1D5538A1-6664-4EAF-958A-46CA5C534ABE}.Debug|Mixed Platforms.Build.0 = Debug|Any CPU
		{1D5538A1-6664-4EAF-958A-46CA5C534ABE}.Debug|x86.ActiveCfg = Debug|Any CPU
		{1D5538A1-6664-4EAF-958A-46CA5C534ABE}.Debug|x86.Build.0 = Debug|Any CPU
		{1D5538A1-6664-4EAF-958A-46CA5C534ABE}.DhDev|Any CPU.ActiveCfg = Debug|Any CPU
		{1D5538A1-6664-4EAF-958A-46CA5C534ABE}.DhDev|Any CPU.Build.0 = Debug|Any CPU
		{1D5538A1-6664-4EAF-958A-46CA5C534ABE}.DhDev|Mixed Platforms.ActiveCfg = Debug|Any CPU
		{1D5538A1-6664-4EAF-958A-46CA5C534ABE}.DhDev|Mixed Platforms.Build.0 = Debug|Any CPU
		{1D5538A1-6664-4EAF-958A-46CA5C534ABE}.DhDev|x86.ActiveCfg = Debug|Any CPU
		{1D5538A1-6664-4EAF-958A-46CA5C534ABE}.DhDev|x86.Build.0 = Debug|Any CPU
		{1D5538A1-6664-4EAF-958A-46CA5C534ABE}.Release|Any CPU.ActiveCfg = Release|Any CPU
		{1D5538A1-6664-4EAF-958A-46CA5C534ABE}.Release|Any CPU.Build.0 = Release|Any CPU
		{1D5538A1-6664-4EAF-958A-46CA5C534ABE}.Release|Mixed Platforms.ActiveCfg = Release|Any CPU
		{1D5538A1-6664-4EAF-958A-46CA5C534ABE}.Release|Mixed Platforms.Build.0 = Release|Any CPU
		{1D5538A1-6664-4EAF-958A-46CA5C534ABE}.Release|x86.ActiveCfg = Release|Any CPU
		{1D5538A1-6664-4EAF-958A-46CA5C534ABE}.Release|x86.Build.0 = Release|Any CPU
		{1D5538A1-6664-4EAF-958A-46CA5C534ABE}.Template_Debug|Any CPU.ActiveCfg = Debug|Any CPU
		{1D5538A1-6664-4EAF-958A-46CA5C534ABE}.Template_Debug|Any CPU.Build.0 = Debug|Any CPU
		{1D5538A1-6664-4EAF-958A-46CA5C534ABE}.Template_Debug|Mixed Platforms.ActiveCfg = Debug|Any CPU
		{1D5538A1-6664-4EAF-958A-46CA5C534ABE}.Template_Debug|Mixed Platforms.Build.0 = Debug|Any CPU
		{1D5538A1-6664-4EAF-958A-46CA5C534ABE}.Template_Debug|x86.ActiveCfg = Debug|Any CPU
		{1D5538A1-6664-4EAF-958A-46CA5C534ABE}.Template_Debug|x86.Build.0 = Debug|Any CPU
		{B475004F-0992-4D21-A114-586A5D372B1F}.Debug|Any CPU.ActiveCfg = Debug|Any CPU
		{B475004F-0992-4D21-A114-586A5D372B1F}.Debug|Any CPU.Build.0 = Debug|Any CPU
		{B475004F-0992-4D21-A114-586A5D372B1F}.Debug|Mixed Platforms.ActiveCfg = Debug|Any CPU
		{B475004F-0992-4D21-A114-586A5D372B1F}.Debug|Mixed Platforms.Build.0 = Debug|Any CPU
		{B475004F-0992-4D21-A114-586A5D372B1F}.Debug|x86.ActiveCfg = Debug|Any CPU
		{B475004F-0992-4D21-A114-586A5D372B1F}.Debug|x86.Build.0 = Debug|Any CPU
		{B475004F-0992-4D21-A114-586A5D372B1F}.DhDev|Any CPU.ActiveCfg = Debug|Any CPU
		{B475004F-0992-4D21-A114-586A5D372B1F}.DhDev|Any CPU.Build.0 = Debug|Any CPU
		{B475004F-0992-4D21-A114-586A5D372B1F}.DhDev|Mixed Platforms.ActiveCfg = Debug|Any CPU
		{B475004F-0992-4D21-A114-586A5D372B1F}.DhDev|Mixed Platforms.Build.0 = Debug|Any CPU
		{B475004F-0992-4D21-A114-586A5D372B1F}.DhDev|x86.ActiveCfg = Debug|Any CPU
		{B475004F-0992-4D21-A114-586A5D372B1F}.DhDev|x86.Build.0 = Debug|Any CPU
		{B475004F-0992-4D21-A114-586A5D372B1F}.Release|Any CPU.ActiveCfg = Release|Any CPU
		{B475004F-0992-4D21-A114-586A5D372B1F}.Release|Any CPU.Build.0 = Release|Any CPU
		{B475004F-0992-4D21-A114-586A5D372B1F}.Release|Mixed Platforms.ActiveCfg = Release|Any CPU
		{B475004F-0992-4D21-A114-586A5D372B1F}.Release|Mixed Platforms.Build.0 = Release|Any CPU
		{B475004F-0992-4D21-A114-586A5D372B1F}.Release|x86.ActiveCfg = Release|Any CPU
		{B475004F-0992-4D21-A114-586A5D372B1F}.Release|x86.Build.0 = Release|Any CPU
		{B475004F-0992-4D21-A114-586A5D372B1F}.Template_Debug|Any CPU.ActiveCfg = Debug|Any CPU
		{B475004F-0992-4D21-A114-586A5D372B1F}.Template_Debug|Any CPU.Build.0 = Debug|Any CPU
		{B475004F-0992-4D21-A114-586A5D372B1F}.Template_Debug|Mixed Platforms.ActiveCfg = Debug|Any CPU
		{B475004F-0992-4D21-A114-586A5D372B1F}.Template_Debug|Mixed Platforms.Build.0 = Debug|Any CPU
		{B475004F-0992-4D21-A114-586A5D372B1F}.Template_Debug|x86.ActiveCfg = Debug|Any CPU
		{B475004F-0992-4D21-A114-586A5D372B1F}.Template_Debug|x86.Build.0 = Debug|Any CPU
		{857FDDE9-09F2-49BD-BCED-2A26005AE472}.Debug|Any CPU.ActiveCfg = Debug|Any CPU
		{857FDDE9-09F2-49BD-BCED-2A26005AE472}.Debug|Any CPU.Build.0 = Debug|Any CPU
		{857FDDE9-09F2-49BD-BCED-2A26005AE472}.Debug|Mixed Platforms.ActiveCfg = Debug|Any CPU
		{857FDDE9-09F2-49BD-BCED-2A26005AE472}.Debug|Mixed Platforms.Build.0 = Debug|Any CPU
		{857FDDE9-09F2-49BD-BCED-2A26005AE472}.Debug|x86.ActiveCfg = Debug|Any CPU
		{857FDDE9-09F2-49BD-BCED-2A26005AE472}.Debug|x86.Build.0 = Debug|Any CPU
		{857FDDE9-09F2-49BD-BCED-2A26005AE472}.DhDev|Any CPU.ActiveCfg = Debug|Any CPU
		{857FDDE9-09F2-49BD-BCED-2A26005AE472}.DhDev|Any CPU.Build.0 = Debug|Any CPU
		{857FDDE9-09F2-49BD-BCED-2A26005AE472}.DhDev|Mixed Platforms.ActiveCfg = Debug|Any CPU
		{857FDDE9-09F2-49BD-BCED-2A26005AE472}.DhDev|Mixed Platforms.Build.0 = Debug|Any CPU
		{857FDDE9-09F2-49BD-BCED-2A26005AE472}.DhDev|x86.ActiveCfg = Debug|Any CPU
		{857FDDE9-09F2-49BD-BCED-2A26005AE472}.DhDev|x86.Build.0 = Debug|Any CPU
		{857FDDE9-09F2-49BD-BCED-2A26005AE472}.Release|Any CPU.ActiveCfg = Release|Any CPU
		{857FDDE9-09F2-49BD-BCED-2A26005AE472}.Release|Any CPU.Build.0 = Release|Any CPU
		{857FDDE9-09F2-49BD-BCED-2A26005AE472}.Release|Mixed Platforms.ActiveCfg = Release|Any CPU
		{857FDDE9-09F2-49BD-BCED-2A26005AE472}.Release|Mixed Platforms.Build.0 = Release|Any CPU
		{857FDDE9-09F2-49BD-BCED-2A26005AE472}.Release|x86.ActiveCfg = Release|Any CPU
		{857FDDE9-09F2-49BD-BCED-2A26005AE472}.Release|x86.Build.0 = Release|Any CPU
		{857FDDE9-09F2-49BD-BCED-2A26005AE472}.Template_Debug|Any CPU.ActiveCfg = Debug|Any CPU
		{857FDDE9-09F2-49BD-BCED-2A26005AE472}.Template_Debug|Any CPU.Build.0 = Debug|Any CPU
		{857FDDE9-09F2-49BD-BCED-2A26005AE472}.Template_Debug|Mixed Platforms.ActiveCfg = Debug|Any CPU
		{857FDDE9-09F2-49BD-BCED-2A26005AE472}.Template_Debug|Mixed Platforms.Build.0 = Debug|Any CPU
		{857FDDE9-09F2-49BD-BCED-2A26005AE472}.Template_Debug|x86.ActiveCfg = Debug|Any CPU
		{857FDDE9-09F2-49BD-BCED-2A26005AE472}.Template_Debug|x86.Build.0 = Debug|Any CPU
		{468E0378-C78B-4DA0-899C-81FAB600E45E}.Debug|Any CPU.ActiveCfg = Debug|Any CPU
		{468E0378-C78B-4DA0-899C-81FAB600E45E}.Debug|Any CPU.Build.0 = Debug|Any CPU
		{468E0378-C78B-4DA0-899C-81FAB600E45E}.Debug|Mixed Platforms.ActiveCfg = Debug|Any CPU
		{468E0378-C78B-4DA0-899C-81FAB600E45E}.Debug|Mixed Platforms.Build.0 = Debug|Any CPU
		{468E0378-C78B-4DA0-899C-81FAB600E45E}.Debug|x86.ActiveCfg = Debug|Any CPU
		{468E0378-C78B-4DA0-899C-81FAB600E45E}.Debug|x86.Build.0 = Debug|Any CPU
		{468E0378-C78B-4DA0-899C-81FAB600E45E}.DhDev|Any CPU.ActiveCfg = Debug|Any CPU
		{468E0378-C78B-4DA0-899C-81FAB600E45E}.DhDev|Any CPU.Build.0 = Debug|Any CPU
		{468E0378-C78B-4DA0-899C-81FAB600E45E}.DhDev|Mixed Platforms.ActiveCfg = Debug|Any CPU
		{468E0378-C78B-4DA0-899C-81FAB600E45E}.DhDev|Mixed Platforms.Build.0 = Debug|Any CPU
		{468E0378-C78B-4DA0-899C-81FAB600E45E}.DhDev|x86.ActiveCfg = Debug|Any CPU
		{468E0378-C78B-4DA0-899C-81FAB600E45E}.DhDev|x86.Build.0 = Debug|Any CPU
		{468E0378-C78B-4DA0-899C-81FAB600E45E}.Release|Any CPU.ActiveCfg = Release|Any CPU
		{468E0378-C78B-4DA0-899C-81FAB600E45E}.Release|Any CPU.Build.0 = Release|Any CPU
		{468E0378-C78B-4DA0-899C-81FAB600E45E}.Release|Mixed Platforms.ActiveCfg = Release|Any CPU
		{468E0378-C78B-4DA0-899C-81FAB600E45E}.Release|Mixed Platforms.Build.0 = Release|Any CPU
		{468E0378-C78B-4DA0-899C-81FAB600E45E}.Release|x86.ActiveCfg = Release|Any CPU
		{468E0378-C78B-4DA0-899C-81FAB600E45E}.Release|x86.Build.0 = Release|Any CPU
		{468E0378-C78B-4DA0-899C-81FAB600E45E}.Template_Debug|Any CPU.ActiveCfg = Debug|Any CPU
		{468E0378-C78B-4DA0-899C-81FAB600E45E}.Template_Debug|Any CPU.Build.0 = Debug|Any CPU
		{468E0378-C78B-4DA0-899C-81FAB600E45E}.Template_Debug|Mixed Platforms.ActiveCfg = Debug|Any CPU
		{468E0378-C78B-4DA0-899C-81FAB600E45E}.Template_Debug|Mixed Platforms.Build.0 = Debug|Any CPU
		{468E0378-C78B-4DA0-899C-81FAB600E45E}.Template_Debug|x86.ActiveCfg = Debug|Any CPU
		{468E0378-C78B-4DA0-899C-81FAB600E45E}.Template_Debug|x86.Build.0 = Debug|Any CPU
	EndGlobalSection
	GlobalSection(SolutionProperties) = preSolution
		HideSolutionNode = FALSE
	EndGlobalSection
	GlobalSection(ExtensibilityGlobals) = postSolution
		SolutionGuid = {7DBA6049-B651-4575-9EE2-730A0E3866C0}
	EndGlobalSection
EndGlobal
